// !$*UTF8*$!
{
	archiveVersion = 1;
	classes = {
	};
	objectVersion = 56;
	objects = {

/* Begin PBXBuildFile section */
		004BB0DE2C2B44E300503671 /* AppDelegate.swift in Sources */ = {isa = PBXBuildFile; fileRef = 004BB0DD2C2B44E300503671 /* AppDelegate.swift */; };
		004BB0E52C2B44E300503671 /* Base in Resources */ = {isa = PBXBuildFile; fileRef = 004BB0E42C2B44E300503671 /* Base */; };
		004BB0E72C2B44E400503671 /* Assets.xcassets in Resources */ = {isa = PBXBuildFile; fileRef = 004BB0E62C2B44E400503671 /* Assets.xcassets */; };
		004BB0EA2C2B44E400503671 /* Base in Resources */ = {isa = PBXBuildFile; fileRef = 004BB0E92C2B44E400503671 /* Base */; };
		004BB0F52C2B44E400503671 /* MartinetTests.swift in Sources */ = {isa = PBXBuildFile; fileRef = 004BB0F42C2B44E400503671 /* MartinetTests.swift */; };
		005303C82C2B463F00CC3F4D /* AppRoute.swift in Sources */ = {isa = PBXBuildFile; fileRef = 005303C72C2B463F00CC3F4D /* AppRoute.swift */; };
		00B1CCDD2C2B468300FC5200 /* DemoAsyncDownloadsPresenter.swift in Sources */ = {isa = PBXBuildFile; fileRef = 00B1CCDC2C2B468300FC5200 /* DemoAsyncDownloadsPresenter.swift */; };
		00B1CCDF2C2B46A200FC5200 /* StereogumTop2016Presenter.swift in Sources */ = {isa = PBXBuildFile; fileRef = 00B1CCDE2C2B46A200FC5200 /* StereogumTop2016Presenter.swift */; };
		00B1CCE22C2B474F00FC5200 /* 2016-stereogum-best-albums.json in Resources */ = {isa = PBXBuildFile; fileRef = 00B1CCE12C2B474F00FC5200 /* 2016-stereogum-best-albums.json */; };
		00B1CCE52C2B477D00FC5200 /* AppDomainStatusBarController.swift in Sources */ = {isa = PBXBuildFile; fileRef = 00B1CCE42C2B477D00FC5200 /* AppDomainStatusBarController.swift */; };
		00B1CCE72C2B47A100FC5200 /* NavigationRootViewController.swift in Sources */ = {isa = PBXBuildFile; fileRef = 00B1CCE62C2B47A100FC5200 /* NavigationRootViewController.swift */; };
		00B1CCEA2C2B47E300FC5200 /* AlbumCollectionViewCell.swift in Sources */ = {isa = PBXBuildFile; fileRef = 00B1CCE82C2B47E300FC5200 /* AlbumCollectionViewCell.swift */; };
		00B1CCEB2C2B47E300FC5200 /* AlbumCollectionViewCell.xib in Resources */ = {isa = PBXBuildFile; fileRef = 00B1CCE92C2B47E300FC5200 /* AlbumCollectionViewCell.xib */; };
		00B1CCED2C2B481800FC5200 /* ItemsCollectionViewController.swift in Sources */ = {isa = PBXBuildFile; fileRef = 00B1CCEC2C2B481800FC5200 /* ItemsCollectionViewController.swift */; };
		00B1CCEF2C2B482A00FC5200 /* ItemsTableViewController.swift in Sources */ = {isa = PBXBuildFile; fileRef = 00B1CCEE2C2B482A00FC5200 /* ItemsTableViewController.swift */; };
/* End PBXBuildFile section */

/* Begin PBXContainerItemProxy section */
		004BB0F12C2B44E400503671 /* PBXContainerItemProxy */ = {
			isa = PBXContainerItemProxy;
			containerPortal = 004BB0D22C2B44E300503671 /* Project object */;
			proxyType = 1;
			remoteGlobalIDString = 004BB0D92C2B44E300503671;
			remoteInfo = Martinet;
		};
/* End PBXContainerItemProxy section */

/* Begin PBXFileReference section */
		004BB0DA2C2B44E300503671 /* Martinet.app */ = {isa = PBXFileReference; explicitFileType = wrapper.application; includeInIndex = 0; path = Martinet.app; sourceTree = BUILT_PRODUCTS_DIR; };
		004BB0DD2C2B44E300503671 /* AppDelegate.swift */ = {isa = PBXFileReference; lastKnownFileType = sourcecode.swift; path = AppDelegate.swift; sourceTree = "<group>"; };
		004BB0E42C2B44E300503671 /* Base */ = {isa = PBXFileReference; lastKnownFileType = file.storyboard; name = Base; path = Base.lproj/Main.storyboard; sourceTree = "<group>"; };
		004BB0E62C2B44E400503671 /* Assets.xcassets */ = {isa = PBXFileReference; lastKnownFileType = folder.assetcatalog; path = Assets.xcassets; sourceTree = "<group>"; };
		004BB0E92C2B44E400503671 /* Base */ = {isa = PBXFileReference; lastKnownFileType = file.storyboard; name = Base; path = Base.lproj/LaunchScreen.storyboard; sourceTree = "<group>"; };
		004BB0EB2C2B44E400503671 /* Info.plist */ = {isa = PBXFileReference; lastKnownFileType = text.plist.xml; path = Info.plist; sourceTree = "<group>"; };
		004BB0F02C2B44E400503671 /* MartinetTests.xctest */ = {isa = PBXFileReference; explicitFileType = wrapper.cfbundle; includeInIndex = 0; path = MartinetTests.xctest; sourceTree = BUILT_PRODUCTS_DIR; };
		004BB0F42C2B44E400503671 /* MartinetTests.swift */ = {isa = PBXFileReference; lastKnownFileType = sourcecode.swift; path = MartinetTests.swift; sourceTree = "<group>"; };
		005303C72C2B463F00CC3F4D /* AppRoute.swift */ = {isa = PBXFileReference; lastKnownFileType = sourcecode.swift; path = AppRoute.swift; sourceTree = "<group>"; };
		00B1CCDC2C2B468300FC5200 /* DemoAsyncDownloadsPresenter.swift */ = {isa = PBXFileReference; lastKnownFileType = sourcecode.swift; path = DemoAsyncDownloadsPresenter.swift; sourceTree = "<group>"; };
		00B1CCDE2C2B46A200FC5200 /* StereogumTop2016Presenter.swift */ = {isa = PBXFileReference; lastKnownFileType = sourcecode.swift; path = StereogumTop2016Presenter.swift; sourceTree = "<group>"; };
		00B1CCE12C2B474F00FC5200 /* 2016-stereogum-best-albums.json */ = {isa = PBXFileReference; lastKnownFileType = text.json; path = "2016-stereogum-best-albums.json"; sourceTree = "<group>"; };
		00B1CCE42C2B477D00FC5200 /* AppDomainStatusBarController.swift */ = {isa = PBXFileReference; lastKnownFileType = sourcecode.swift; path = AppDomainStatusBarController.swift; sourceTree = "<group>"; };
		00B1CCE62C2B47A100FC5200 /* NavigationRootViewController.swift */ = {isa = PBXFileReference; lastKnownFileType = sourcecode.swift; path = NavigationRootViewController.swift; sourceTree = "<group>"; };
		00B1CCE82C2B47E300FC5200 /* AlbumCollectionViewCell.swift */ = {isa = PBXFileReference; fileEncoding = 4; lastKnownFileType = sourcecode.swift; path = AlbumCollectionViewCell.swift; sourceTree = "<group>"; };
		00B1CCE92C2B47E300FC5200 /* AlbumCollectionViewCell.xib */ = {isa = PBXFileReference; fileEncoding = 4; lastKnownFileType = file.xib; path = AlbumCollectionViewCell.xib; sourceTree = "<group>"; };
		00B1CCEC2C2B481800FC5200 /* ItemsCollectionViewController.swift */ = {isa = PBXFileReference; lastKnownFileType = sourcecode.swift; path = ItemsCollectionViewController.swift; sourceTree = "<group>"; };
		00B1CCEE2C2B482A00FC5200 /* ItemsTableViewController.swift */ = {isa = PBXFileReference; lastKnownFileType = sourcecode.swift; path = ItemsTableViewController.swift; sourceTree = "<group>"; };
/* End PBXFileReference section */

/* Begin PBXFrameworksBuildPhase section */
		004BB0D72C2B44E300503671 /* Frameworks */ = {
			isa = PBXFrameworksBuildPhase;
			buildActionMask = 2147483647;
			files = (
			);
			runOnlyForDeploymentPostprocessing = 0;
		};
		004BB0ED2C2B44E400503671 /* Frameworks */ = {
			isa = PBXFrameworksBuildPhase;
			buildActionMask = 2147483647;
			files = (
			);
			runOnlyForDeploymentPostprocessing = 0;
		};
/* End PBXFrameworksBuildPhase section */

/* Begin PBXGroup section */
		004BB0D12C2B44E300503671 = {
			isa = PBXGroup;
			children = (
				004BB0DC2C2B44E300503671 /* Martinet */,
				004BB0F32C2B44E400503671 /* MartinetTests */,
				004BB0DB2C2B44E300503671 /* Products */,
			);
			sourceTree = "<group>";
		};
		004BB0DB2C2B44E300503671 /* Products */ = {
			isa = PBXGroup;
			children = (
				004BB0DA2C2B44E300503671 /* Martinet.app */,
				004BB0F02C2B44E400503671 /* MartinetTests.xctest */,
			);
			name = Products;
			sourceTree = "<group>";
		};
		004BB0DC2C2B44E300503671 /* Martinet */ = {
			isa = PBXGroup;
			children = (
				00B1CCE32C2B477600FC5200 /* Tools */,
				00B1CCE02C2B472F00FC5200 /* Resources */,
				00B1CCDB2C2B466E00FC5200 /* Demos */,
				004BB0DD2C2B44E300503671 /* AppDelegate.swift */,
				005303C72C2B463F00CC3F4D /* AppRoute.swift */,
				00B1CCE62C2B47A100FC5200 /* NavigationRootViewController.swift */,
				004BB0E32C2B44E300503671 /* Main.storyboard */,
				004BB0E62C2B44E400503671 /* Assets.xcassets */,
				004BB0E82C2B44E400503671 /* LaunchScreen.storyboard */,
				004BB0EB2C2B44E400503671 /* Info.plist */,
			);
			path = Martinet;
			sourceTree = "<group>";
		};
		004BB0F32C2B44E400503671 /* MartinetTests */ = {
			isa = PBXGroup;
			children = (
				004BB0F42C2B44E400503671 /* MartinetTests.swift */,
			);
			path = MartinetTests;
			sourceTree = "<group>";
		};
		00B1CCDB2C2B466E00FC5200 /* Demos */ = {
			isa = PBXGroup;
			children = (
				00B1CCE82C2B47E300FC5200 /* AlbumCollectionViewCell.swift */,
				00B1CCE92C2B47E300FC5200 /* AlbumCollectionViewCell.xib */,
				00B1CCDC2C2B468300FC5200 /* DemoAsyncDownloadsPresenter.swift */,
				00B1CCDE2C2B46A200FC5200 /* StereogumTop2016Presenter.swift */,
			);
			path = Demos;
			sourceTree = "<group>";
		};
		00B1CCE02C2B472F00FC5200 /* Resources */ = {
			isa = PBXGroup;
			children = (
				00B1CCE12C2B474F00FC5200 /* 2016-stereogum-best-albums.json */,
			);
			path = Resources;
			sourceTree = "<group>";
		};
		00B1CCE32C2B477600FC5200 /* Tools */ = {
			isa = PBXGroup;
			children = (
				00B1CCE42C2B477D00FC5200 /* AppDomainStatusBarController.swift */,
				00B1CCEC2C2B481800FC5200 /* ItemsCollectionViewController.swift */,
				00B1CCEE2C2B482A00FC5200 /* ItemsTableViewController.swift */,
			);
			path = Tools;
			sourceTree = "<group>";
		};
/* End PBXGroup section */

/* Begin PBXNativeTarget section */
		004BB0D92C2B44E300503671 /* Martinet */ = {
			isa = PBXNativeTarget;
			buildConfigurationList = 004BB1042C2B44E500503671 /* Build configuration list for PBXNativeTarget "Martinet" */;
			buildPhases = (
				004BB0D62C2B44E300503671 /* Sources */,
				004BB0D72C2B44E300503671 /* Frameworks */,
				004BB0D82C2B44E300503671 /* Resources */,
			);
			buildRules = (
			);
			dependencies = (
			);
			name = Martinet;
			productName = Martinet;
			productReference = 004BB0DA2C2B44E300503671 /* Martinet.app */;
			productType = "com.apple.product-type.application";
		};
		004BB0EF2C2B44E400503671 /* MartinetTests */ = {
			isa = PBXNativeTarget;
			buildConfigurationList = 004BB1072C2B44E500503671 /* Build configuration list for PBXNativeTarget "MartinetTests" */;
			buildPhases = (
				004BB0EC2C2B44E400503671 /* Sources */,
				004BB0ED2C2B44E400503671 /* Frameworks */,
				004BB0EE2C2B44E400503671 /* Resources */,
			);
			buildRules = (
			);
			dependencies = (
				004BB0F22C2B44E400503671 /* PBXTargetDependency */,
			);
			name = MartinetTests;
			productName = MartinetTests;
			productReference = 004BB0F02C2B44E400503671 /* MartinetTests.xctest */;
			productType = "com.apple.product-type.bundle.unit-test";
		};
/* End PBXNativeTarget section */

/* Begin PBXProject section */
		004BB0D22C2B44E300503671 /* Project object */ = {
			isa = PBXProject;
			attributes = {
				BuildIndependentTargetsInParallel = 1;
				LastSwiftUpdateCheck = 1540;
				LastUpgradeCheck = 1540;
				TargetAttributes = {
					004BB0D92C2B44E300503671 = {
						CreatedOnToolsVersion = 15.4;
					};
					004BB0EF2C2B44E400503671 = {
						CreatedOnToolsVersion = 15.4;
						TestTargetID = 004BB0D92C2B44E300503671;
					};
				};
			};
			buildConfigurationList = 004BB0D52C2B44E300503671 /* Build configuration list for PBXProject "Martinet" */;
			compatibilityVersion = "Xcode 14.0";
			developmentRegion = en;
			hasScannedForEncodings = 0;
			knownRegions = (
				en,
				Base,
			);
			mainGroup = 004BB0D12C2B44E300503671;
			productRefGroup = 004BB0DB2C2B44E300503671 /* Products */;
			projectDirPath = "";
			projectRoot = "";
			targets = (
				004BB0D92C2B44E300503671 /* Martinet */,
				004BB0EF2C2B44E400503671 /* MartinetTests */,
			);
		};
/* End PBXProject section */

/* Begin PBXResourcesBuildPhase section */
		004BB0D82C2B44E300503671 /* Resources */ = {
			isa = PBXResourcesBuildPhase;
			buildActionMask = 2147483647;
			files = (
				00B1CCE22C2B474F00FC5200 /* 2016-stereogum-best-albums.json in Resources */,
				004BB0E72C2B44E400503671 /* Assets.xcassets in Resources */,
				00B1CCEB2C2B47E300FC5200 /* AlbumCollectionViewCell.xib in Resources */,
				004BB0EA2C2B44E400503671 /* Base in Resources */,
				004BB0E52C2B44E300503671 /* Base in Resources */,
			);
			runOnlyForDeploymentPostprocessing = 0;
		};
		004BB0EE2C2B44E400503671 /* Resources */ = {
			isa = PBXResourcesBuildPhase;
			buildActionMask = 2147483647;
			files = (
			);
			runOnlyForDeploymentPostprocessing = 0;
		};
/* End PBXResourcesBuildPhase section */

/* Begin PBXSourcesBuildPhase section */
		004BB0D62C2B44E300503671 /* Sources */ = {
			isa = PBXSourcesBuildPhase;
			buildActionMask = 2147483647;
			files = (
				00B1CCEA2C2B47E300FC5200 /* AlbumCollectionViewCell.swift in Sources */,
				00B1CCDF2C2B46A200FC5200 /* StereogumTop2016Presenter.swift in Sources */,
				00B1CCE52C2B477D00FC5200 /* AppDomainStatusBarController.swift in Sources */,
				00B1CCE72C2B47A100FC5200 /* NavigationRootViewController.swift in Sources */,
				00B1CCEF2C2B482A00FC5200 /* ItemsTableViewController.swift in Sources */,
				004BB0DE2C2B44E300503671 /* AppDelegate.swift in Sources */,
				00B1CCDD2C2B468300FC5200 /* DemoAsyncDownloadsPresenter.swift in Sources */,
				00B1CCED2C2B481800FC5200 /* ItemsCollectionViewController.swift in Sources */,
				005303C82C2B463F00CC3F4D /* AppRoute.swift in Sources */,
			);
			runOnlyForDeploymentPostprocessing = 0;
		};
		004BB0EC2C2B44E400503671 /* Sources */ = {
			isa = PBXSourcesBuildPhase;
			buildActionMask = 2147483647;
			files = (
				004BB0F52C2B44E400503671 /* MartinetTests.swift in Sources */,
			);
			runOnlyForDeploymentPostprocessing = 0;
		};
/* End PBXSourcesBuildPhase section */

/* Begin PBXTargetDependency section */
		004BB0F22C2B44E400503671 /* PBXTargetDependency */ = {
			isa = PBXTargetDependency;
			target = 004BB0D92C2B44E300503671 /* Martinet */;
			targetProxy = 004BB0F12C2B44E400503671 /* PBXContainerItemProxy */;
		};
/* End PBXTargetDependency section */

/* Begin PBXVariantGroup section */
		004BB0E32C2B44E300503671 /* Main.storyboard */ = {
			isa = PBXVariantGroup;
			children = (
				004BB0E42C2B44E300503671 /* Base */,
			);
			name = Main.storyboard;
			sourceTree = "<group>";
		};
		004BB0E82C2B44E400503671 /* LaunchScreen.storyboard */ = {
			isa = PBXVariantGroup;
			children = (
				004BB0E92C2B44E400503671 /* Base */,
			);
			name = LaunchScreen.storyboard;
			sourceTree = "<group>";
		};
/* End PBXVariantGroup section */

/* Begin XCBuildConfiguration section */
		004BB1022C2B44E500503671 /* Debug */ = {
			isa = XCBuildConfiguration;
			buildSettings = {
				ALWAYS_SEARCH_USER_PATHS = NO;
				ASSETCATALOG_COMPILER_GENERATE_SWIFT_ASSET_SYMBOL_EXTENSIONS = YES;
				CLANG_ANALYZER_NONNULL = YES;
				CLANG_ANALYZER_NUMBER_OBJECT_CONVERSION = YES_AGGRESSIVE;
				CLANG_CXX_LANGUAGE_STANDARD = "gnu++20";
				CLANG_ENABLE_MODULES = YES;
				CLANG_ENABLE_OBJC_ARC = YES;
				CLANG_ENABLE_OBJC_WEAK = YES;
				CLANG_WARN_BLOCK_CAPTURE_AUTORELEASING = YES;
				CLANG_WARN_BOOL_CONVERSION = YES;
				CLANG_WARN_COMMA = YES;
				CLANG_WARN_CONSTANT_CONVERSION = YES;
				CLANG_WARN_DEPRECATED_OBJC_IMPLEMENTATIONS = YES;
				CLANG_WARN_DIRECT_OBJC_ISA_USAGE = YES_ERROR;
				CLANG_WARN_DOCUMENTATION_COMMENTS = YES;
				CLANG_WARN_EMPTY_BODY = YES;
				CLANG_WARN_ENUM_CONVERSION = YES;
				CLANG_WARN_INFINITE_RECURSION = YES;
				CLANG_WARN_INT_CONVERSION = YES;
				CLANG_WARN_NON_LITERAL_NULL_CONVERSION = YES;
				CLANG_WARN_OBJC_IMPLICIT_RETAIN_SELF = YES;
				CLANG_WARN_OBJC_LITERAL_CONVERSION = YES;
				CLANG_WARN_OBJC_ROOT_CLASS = YES_ERROR;
				CLANG_WARN_QUOTED_INCLUDE_IN_FRAMEWORK_HEADER = YES;
				CLANG_WARN_RANGE_LOOP_ANALYSIS = YES;
				CLANG_WARN_STRICT_PROTOTYPES = YES;
				CLANG_WARN_SUSPICIOUS_MOVE = YES;
				CLANG_WARN_UNGUARDED_AVAILABILITY = YES_AGGRESSIVE;
				CLANG_WARN_UNREACHABLE_CODE = YES;
				CLANG_WARN__DUPLICATE_METHOD_MATCH = YES;
				COPY_PHASE_STRIP = NO;
				DEBUG_INFORMATION_FORMAT = dwarf;
				ENABLE_STRICT_OBJC_MSGSEND = YES;
				ENABLE_TESTABILITY = YES;
				ENABLE_USER_SCRIPT_SANDBOXING = YES;
				GCC_C_LANGUAGE_STANDARD = gnu17;
				GCC_DYNAMIC_NO_PIC = NO;
				GCC_NO_COMMON_BLOCKS = YES;
				GCC_OPTIMIZATION_LEVEL = 0;
				GCC_PREPROCESSOR_DEFINITIONS = (
					"DEBUG=1",
					"$(inherited)",
				);
				GCC_WARN_64_TO_32_BIT_CONVERSION = YES;
				GCC_WARN_ABOUT_RETURN_TYPE = YES_ERROR;
				GCC_WARN_UNDECLARED_SELECTOR = YES;
				GCC_WARN_UNINITIALIZED_AUTOS = YES_AGGRESSIVE;
				GCC_WARN_UNUSED_FUNCTION = YES;
				GCC_WARN_UNUSED_VARIABLE = YES;
				IPHONEOS_DEPLOYMENT_TARGET = 17.0;
				LOCALIZATION_PREFERS_STRING_CATALOGS = YES;
				MTL_ENABLE_DEBUG_INFO = INCLUDE_SOURCE;
				MTL_FAST_MATH = YES;
				ONLY_ACTIVE_ARCH = YES;
				SDKROOT = iphoneos;
				SWIFT_ACTIVE_COMPILATION_CONDITIONS = "DEBUG $(inherited)";
				SWIFT_OPTIMIZATION_LEVEL = "-Onone";
			};
			name = Debug;
		};
		004BB1032C2B44E500503671 /* Release */ = {
			isa = XCBuildConfiguration;
			buildSettings = {
				ALWAYS_SEARCH_USER_PATHS = NO;
				ASSETCATALOG_COMPILER_GENERATE_SWIFT_ASSET_SYMBOL_EXTENSIONS = YES;
				CLANG_ANALYZER_NONNULL = YES;
				CLANG_ANALYZER_NUMBER_OBJECT_CONVERSION = YES_AGGRESSIVE;
				CLANG_CXX_LANGUAGE_STANDARD = "gnu++20";
				CLANG_ENABLE_MODULES = YES;
				CLANG_ENABLE_OBJC_ARC = YES;
				CLANG_ENABLE_OBJC_WEAK = YES;
				CLANG_WARN_BLOCK_CAPTURE_AUTORELEASING = YES;
				CLANG_WARN_BOOL_CONVERSION = YES;
				CLANG_WARN_COMMA = YES;
				CLANG_WARN_CONSTANT_CONVERSION = YES;
				CLANG_WARN_DEPRECATED_OBJC_IMPLEMENTATIONS = YES;
				CLANG_WARN_DIRECT_OBJC_ISA_USAGE = YES_ERROR;
				CLANG_WARN_DOCUMENTATION_COMMENTS = YES;
				CLANG_WARN_EMPTY_BODY = YES;
				CLANG_WARN_ENUM_CONVERSION = YES;
				CLANG_WARN_INFINITE_RECURSION = YES;
				CLANG_WARN_INT_CONVERSION = YES;
				CLANG_WARN_NON_LITERAL_NULL_CONVERSION = YES;
				CLANG_WARN_OBJC_IMPLICIT_RETAIN_SELF = YES;
				CLANG_WARN_OBJC_LITERAL_CONVERSION = YES;
				CLANG_WARN_OBJC_ROOT_CLASS = YES_ERROR;
				CLANG_WARN_QUOTED_INCLUDE_IN_FRAMEWORK_HEADER = YES;
				CLANG_WARN_RANGE_LOOP_ANALYSIS = YES;
				CLANG_WARN_STRICT_PROTOTYPES = YES;
				CLANG_WARN_SUSPICIOUS_MOVE = YES;
				CLANG_WARN_UNGUARDED_AVAILABILITY = YES_AGGRESSIVE;
				CLANG_WARN_UNREACHABLE_CODE = YES;
				CLANG_WARN__DUPLICATE_METHOD_MATCH = YES;
				COPY_PHASE_STRIP = NO;
				DEBUG_INFORMATION_FORMAT = "dwarf-with-dsym";
				ENABLE_NS_ASSERTIONS = NO;
				ENABLE_STRICT_OBJC_MSGSEND = YES;
				ENABLE_USER_SCRIPT_SANDBOXING = YES;
				GCC_C_LANGUAGE_STANDARD = gnu17;
				GCC_NO_COMMON_BLOCKS = YES;
				GCC_WARN_64_TO_32_BIT_CONVERSION = YES;
				GCC_WARN_ABOUT_RETURN_TYPE = YES_ERROR;
				GCC_WARN_UNDECLARED_SELECTOR = YES;
				GCC_WARN_UNINITIALIZED_AUTOS = YES_AGGRESSIVE;
				GCC_WARN_UNUSED_FUNCTION = YES;
				GCC_WARN_UNUSED_VARIABLE = YES;
				IPHONEOS_DEPLOYMENT_TARGET = 17.0;
				LOCALIZATION_PREFERS_STRING_CATALOGS = YES;
				MTL_ENABLE_DEBUG_INFO = NO;
				MTL_FAST_MATH = YES;
				SDKROOT = iphoneos;
				SWIFT_COMPILATION_MODE = wholemodule;
				VALIDATE_PRODUCT = YES;
			};
			name = Release;
		};
		004BB1052C2B44E500503671 /* Debug */ = {
			isa = XCBuildConfiguration;
			buildSettings = {
				ASSETCATALOG_COMPILER_APPICON_NAME = AppIcon;
				ASSETCATALOG_COMPILER_GLOBAL_ACCENT_COLOR_NAME = AccentColor;
				CODE_SIGN_STYLE = Automatic;
				CURRENT_PROJECT_VERSION = 1;
				DEVELOPMENT_TEAM = N77R86QZUG;
				GENERATE_INFOPLIST_FILE = YES;
				INFOPLIST_FILE = Martinet/Info.plist;
				INFOPLIST_KEY_UIApplicationSupportsIndirectInputEvents = YES;
				INFOPLIST_KEY_UILaunchStoryboardName = LaunchScreen;
				INFOPLIST_KEY_UIMainStoryboardFile = Main;
				INFOPLIST_KEY_UISupportedInterfaceOrientations_iPad = "UIInterfaceOrientationPortrait UIInterfaceOrientationPortraitUpsideDown UIInterfaceOrientationLandscapeLeft UIInterfaceOrientationLandscapeRight";
				INFOPLIST_KEY_UISupportedInterfaceOrientations_iPhone = "UIInterfaceOrientationPortrait UIInterfaceOrientationLandscapeLeft UIInterfaceOrientationLandscapeRight";
				LD_RUNPATH_SEARCH_PATHS = (
					"$(inherited)",
					"@executable_path/Frameworks",
				);
				MARKETING_VERSION = 1.0;
				PRODUCT_BUNDLE_IDENTIFIER = net.mickf.Martinet;
				PRODUCT_NAME = "$(TARGET_NAME)";
				SWIFT_EMIT_LOC_STRINGS = YES;
				SWIFT_VERSION = 5.0;
				TARGETED_DEVICE_FAMILY = "1,2";
			};
			name = Debug;
		};
		004BB1062C2B44E500503671 /* Release */ = {
			isa = XCBuildConfiguration;
			buildSettings = {
				ASSETCATALOG_COMPILER_APPICON_NAME = AppIcon;
				ASSETCATALOG_COMPILER_GLOBAL_ACCENT_COLOR_NAME = AccentColor;
				CODE_SIGN_STYLE = Automatic;
				CURRENT_PROJECT_VERSION = 1;
				DEVELOPMENT_TEAM = N77R86QZUG;
				GENERATE_INFOPLIST_FILE = YES;
				INFOPLIST_FILE = Martinet/Info.plist;
				INFOPLIST_KEY_UIApplicationSupportsIndirectInputEvents = YES;
				INFOPLIST_KEY_UILaunchStoryboardName = LaunchScreen;
				INFOPLIST_KEY_UIMainStoryboardFile = Main;
				INFOPLIST_KEY_UISupportedInterfaceOrientations_iPad = "UIInterfaceOrientationPortrait UIInterfaceOrientationPortraitUpsideDown UIInterfaceOrientationLandscapeLeft UIInterfaceOrientationLandscapeRight";
				INFOPLIST_KEY_UISupportedInterfaceOrientations_iPhone = "UIInterfaceOrientationPortrait UIInterfaceOrientationLandscapeLeft UIInterfaceOrientationLandscapeRight";
				LD_RUNPATH_SEARCH_PATHS = (
					"$(inherited)",
					"@executable_path/Frameworks",
				);
				MARKETING_VERSION = 1.0;
				PRODUCT_BUNDLE_IDENTIFIER = net.mickf.Martinet;
				PRODUCT_NAME = "$(TARGET_NAME)";
				SWIFT_EMIT_LOC_STRINGS = YES;
				SWIFT_VERSION = 5.0;
				TARGETED_DEVICE_FAMILY = "1,2";
			};
			name = Release;
		};
		004BB1082C2B44E500503671 /* Debug */ = {
			isa = XCBuildConfiguration;
			buildSettings = {
				ALWAYS_EMBED_SWIFT_STANDARD_LIBRARIES = YES;
				BUNDLE_LOADER = "$(TEST_HOST)";
				CODE_SIGN_STYLE = Automatic;
				CURRENT_PROJECT_VERSION = 1;
				DEVELOPMENT_TEAM = N77R86QZUG;
				GENERATE_INFOPLIST_FILE = YES;
				IPHONEOS_DEPLOYMENT_TARGET = 17.5;
				MARKETING_VERSION = 1.0;
				PRODUCT_BUNDLE_IDENTIFIER = net.mickf.MartinetTests;
				PRODUCT_NAME = "$(TARGET_NAME)";
				SWIFT_EMIT_LOC_STRINGS = NO;
				SWIFT_VERSION = 5.0;
				TARGETED_DEVICE_FAMILY = "1,2";
				TEST_HOST = "$(BUILT_PRODUCTS_DIR)/Martinet.app/$(BUNDLE_EXECUTABLE_FOLDER_PATH)/Martinet";
			};
			name = Debug;
		};
		004BB1092C2B44E500503671 /* Release */ = {
			isa = XCBuildConfiguration;
			buildSettings = {
				ALWAYS_EMBED_SWIFT_STANDARD_LIBRARIES = YES;
				BUNDLE_LOADER = "$(TEST_HOST)";
				CODE_SIGN_STYLE = Automatic;
				CURRENT_PROJECT_VERSION = 1;
				DEVELOPMENT_TEAM = N77R86QZUG;
				GENERATE_INFOPLIST_FILE = YES;
				IPHONEOS_DEPLOYMENT_TARGET = 17.5;
				MARKETING_VERSION = 1.0;
				PRODUCT_BUNDLE_IDENTIFIER = net.mickf.MartinetTests;
				PRODUCT_NAME = "$(TARGET_NAME)";
				SWIFT_EMIT_LOC_STRINGS = NO;
				SWIFT_VERSION = 5.0;
				TARGETED_DEVICE_FAMILY = "1,2";
				TEST_HOST = "$(BUILT_PRODUCTS_DIR)/Martinet.app/$(BUNDLE_EXECUTABLE_FOLDER_PATH)/Martinet";
			};
			name = Release;
		};
/* End XCBuildConfiguration section */

/* Begin XCConfigurationList section */
		004BB0D52C2B44E300503671 /* Build configuration list for PBXProject "Martinet" */ = {
			isa = XCConfigurationList;
			buildConfigurations = (
				004BB1022C2B44E500503671 /* Debug */,
				004BB1032C2B44E500503671 /* Release */,
			);
			defaultConfigurationIsVisible = 0;
			defaultConfigurationName = Release;
		};
		004BB1042C2B44E500503671 /* Build configuration list for PBXNativeTarget "Martinet" */ = {
			isa = XCConfigurationList;
			buildConfigurations = (
				004BB1052C2B44E500503671 /* Debug */,
				004BB1062C2B44E500503671 /* Release */,
			);
			defaultConfigurationIsVisible = 0;
			defaultConfigurationName = Release;
		};
		004BB1072C2B44E500503671 /* Build configuration list for PBXNativeTarget "MartinetTests" */ = {
			isa = XCConfigurationList;
			buildConfigurations = (
				004BB1082C2B44E500503671 /* Debug */,
				004BB1092C2B44E500503671 /* Release */,
			);
			defaultConfigurationIsVisible = 0;
			defaultConfigurationName = Release;
		};
/* End XCConfigurationList section */
	};
	rootObject = 004BB0D22C2B44E300503671 /* Project object */;
}
